
Microsoft Visual Studio Solution File, Format Version 12.00
# Visual Studio Version 17
VisualStudioVersion = 17.7.33920.267
MinimumVisualStudioVersion = 10.0.40219.1
Project("{FAE04EC0-301F-11D3-BF4B-00C04F79EFBC}") = "MethodsHomeWork", "MethodsHomeWork\MethodsHomeWork.csproj", "{3ABD232B-77FE-4FB7-B174-F50B548A1FC6}"
EndProject
Global
	GlobalSection(SolutionConfigurationPlatforms) = preSolution
		Debug|Any CPU = Debug|Any CPU
		Release|Any CPU = Release|Any CPU
	EndGlobalSection
	GlobalSection(ProjectConfigurationPlatforms) = postSolution
		{3ABD232B-77FE-4FB7-B174-F50B548A1FC6}.Debug|Any CPU.ActiveCfg = Debug|Any CPU
		{3ABD232B-77FE-4FB7-B174-F50B548A1FC6}.Debug|Any CPU.Build.0 = Debug|Any CPU
		{3ABD232B-77FE-4FB7-B174-F50B548A1FC6}.Release|Any CPU.ActiveCfg = Release|Any CPU
		{3ABD232B-77FE-4FB7-B174-F50B548A1FC6}.Release|Any CPU.Build.0 = Release|Any CPU
	EndGlobalSection
	GlobalSection(SolutionProperties) = preSolution
		HideSolutionNode = FALSE
	EndGlobalSection
	GlobalSection(ExtensibilityGlobals) = postSolution
		SolutionGuid = {3E11C127-BC3D-4F0B-9C49-293B62C92204}
	EndGlobalSection
EndGlobal
